
Microsoft Visual Studio Solution File, Format Version 12.00
# Visual Studio Version 16
VisualStudioVersion = 16.0.30011.22
MinimumVisualStudioVersion = 10.0.40219.1
Project("{FAE04EC0-301F-11D3-BF4B-00C04F79EFBC}") = "WebSignup", "WebSignup\WebSignup.csproj", "{2A011915-E97D-45BE-B5F1-A3ABE76CDF1E}"
EndProject
Global
	GlobalSection(SolutionConfigurationPlatforms) = preSolution
		Debug|Any CPU = Debug|Any CPU
		Release|Any CPU = Release|Any CPU
	EndGlobalSection
	GlobalSection(ProjectConfigurationPlatforms) = postSolution
		{2A011915-E97D-45BE-B5F1-A3ABE76CDF1E}.Debug|Any CPU.ActiveCfg = Debug|Any CPU
		{2A011915-E97D-45BE-B5F1-A3ABE76CDF1E}.Debug|Any CPU.Build.0 = Debug|Any CPU
		{2A011915-E97D-45BE-B5F1-A3ABE76CDF1E}.Release|Any CPU.ActiveCfg = Release|Any CPU
		{2A011915-E97D-45BE-B5F1-A3ABE76CDF1E}.Release|Any CPU.Build.0 = Release|Any CPU
	EndGlobalSection
	GlobalSection(SolutionProperties) = preSolution
		HideSolutionNode = FALSE
	EndGlobalSection
	GlobalSection(ExtensibilityGlobals) = postSolution
		SolutionGuid = {603BF8F4-D98C-47A2-8274-F384C6BFECAF}
	EndGlobalSection
EndGlobal
